Microsoft Visual Studio Solution File, Format Version 12.00
# Visual Studio Version 17
VisualStudioVersion = 17.0.31903.59
MinimumVisualStudioVersion = 10.0.40219.1
Project("{FAE04EC0-301F-11D3-BF4B-00C04F79EFBC}") = "BrowserShell.Service.SDK", "src\BrowserShell.Service.SDK\BrowserShell.Service.SDK.csproj", "{BC7756C7-E7D7-43CC-B53D-AE40661DCE30}"
EndProject
Project("{FAE04EC0-301F-11D3-BF4B-00C04F79EFBC}") = "BrowserShell.WebView.Wpf", "src\BrowserShell.WebView.Wpf\BrowserShell.WebView.Wpf.csproj", "{34664996-7983-4513-A906-A3CCE68D4447}"
EndProject
Project("{FAE04EC0-301F-11D3-BF4B-00C04F79EFBC}") = "BrowserShell.WebView.Wpf.Tests", "tests\BrowserShell.WebView.Wpf.Tests\BrowserShell.WebView.Wpf.Tests.csproj", "{D7E87A96-63F7-4DF7-AA44-961A8F4C3C3F}"
EndProject
Global
	GlobalSection(SolutionConfigurationPlatforms) = preSolution
		Debug|Any CPU = Debug|Any CPU
		Release|Any CPU = Release|Any CPU
	EndGlobalSection
	GlobalSection(ProjectConfigurationPlatforms) = postSolution
		{BC7756C7-E7D7-43CC-B53D-AE40661DCE30}.Debug|Any CPU.ActiveCfg = Debug|Any CPU
		{BC7756C7-E7D7-43CC-B53D-AE40661DCE30}.Debug|Any CPU.Build.0 = Debug|Any CPU
		{BC7756C7-E7D7-43CC-B53D-AE40661DCE30}.Release|Any CPU.ActiveCfg = Release|Any CPU
		{BC7756C7-E7D7-43CC-B53D-AE40661DCE30}.Release|Any CPU.Build.0 = Release|Any CPU
		{34664996-7983-4513-A906-A3CCE68D4447}.Debug|Any CPU.ActiveCfg = Debug|Any CPU
		{34664996-7983-4513-A906-A3CCE68D4447}.Debug|Any CPU.Build.0 = Debug|Any CPU
		{34664996-7983-4513-A906-A3CCE68D4447}.Release|Any CPU.ActiveCfg = Release|Any CPU
		{34664996-7983-4513-A906-A3CCE68D4447}.Release|Any CPU.Build.0 = Release|Any CPU
		{D7E87A96-63F7-4DF7-AA44-961A8F4C3C3F}.Debug|Any CPU.ActiveCfg = Debug|Any CPU
		{D7E87A96-63F7-4DF7-AA44-961A8F4C3C3F}.Debug|Any CPU.Build.0 = Debug|Any CPU
		{D7E87A96-63F7-4DF7-AA44-961A8F4C3C3F}.Release|Any CPU.ActiveCfg = Release|Any CPU
		{D7E87A96-63F7-4DF7-AA44-961A8F4C3C3F}.Release|Any CPU.Build.0 = Release|Any CPU
	EndGlobalSection
	GlobalSection(SolutionProperties) = preSolution
		HideSolutionNode = FALSE
	EndGlobalSection
EndGlobal
